
Microsoft Visual Studio Solution File, Format Version 12.00
# Visual Studio 15
VisualStudioVersion = 15.0.27428.2037
MinimumVisualStudioVersion = 10.0.40219.1
Project("{888888A0-9F3D-457C-B088-3A5042F75D52}") = "RagWeb", "RagWeb\RagWeb.pyproj", "{55F698EE-AB94-45F4-ABB5-65DBA75CD302}"
EndProject
Global
	GlobalSection(SolutionConfigurationPlatforms) = preSolution
		Debug|Any CPU = Debug|Any CPU
		Release|Any CPU = Release|Any CPU
	EndGlobalSection
	GlobalSection(ProjectConfigurationPlatforms) = postSolution
		{55F698EE-AB94-45F4-ABB5-65DBA75CD302}.Debug|Any CPU.ActiveCfg = Debug|Any CPU
		{55F698EE-AB94-45F4-ABB5-65DBA75CD302}.Debug|Any CPU.Build.0 = Debug|Any CPU
		{55F698EE-AB94-45F4-ABB5-65DBA75CD302}.Release|Any CPU.ActiveCfg = Release|Any CPU
		{55F698EE-AB94-45F4-ABB5-65DBA75CD302}.Release|Any CPU.Build.0 = Release|Any CPU
	EndGlobalSection
	GlobalSection(SolutionProperties) = preSolution
		HideSolutionNode = FALSE
	EndGlobalSection
	GlobalSection(ExtensibilityGlobals) = postSolution
		SolutionGuid = {CD5F196F-0AF4-444E-9068-F7A711EECC71}
	EndGlobalSection
EndGlobal
